
Microsoft Visual Studio Solution File, Format Version 12.00
# Visual Studio Version 16
VisualStudioVersion = 16.0.34902.97
MinimumVisualStudioVersion = 10.0.40219.1
Project("{8BC9CEB8-8B4A-11D0-8D11-00A0C91BC942}") = "Lindo", "Lindo\Lindo.vcxproj", "{2148C6BA-FBCC-415A-B695-BE6F3C38E776}"
EndProject
Global
	GlobalSection(SolutionConfigurationPlatforms) = preSolution
		Debug|x64 = Debug|x64
		Debug|x86 = Debug|x86
		Release|x64 = Release|x64
		Release|x86 = Release|x86
	EndGlobalSection
	GlobalSection(ProjectConfigurationPlatforms) = postSolution
		{2148C6BA-FBCC-415A-B695-BE6F3C38E776}.Debug|x64.ActiveCfg = Debug|x64
		{2148C6BA-FBCC-415A-B695-BE6F3C38E776}.Debug|x64.Build.0 = Debug|x64
		{2148C6BA-FBCC-415A-B695-BE6F3C38E776}.Debug|x86.ActiveCfg = Debug|Win32
		{2148C6BA-FBCC-415A-B695-BE6F3C38E776}.Debug|x86.Build.0 = Debug|Win32
		{2148C6BA-FBCC-415A-B695-BE6F3C38E776}.Release|x64.ActiveCfg = Release|x64
		{2148C6BA-FBCC-415A-B695-BE6F3C38E776}.Release|x64.Build.0 = Release|x64
		{2148C6BA-FBCC-415A-B695-BE6F3C38E776}.Release|x86.ActiveCfg = Release|Win32
		{2148C6BA-FBCC-415A-B695-BE6F3C38E776}.Release|x86.Build.0 = Release|Win32
	EndGlobalSection
	GlobalSection(SolutionProperties) = preSolution
		HideSolutionNode = FALSE
	EndGlobalSection
	GlobalSection(ExtensibilityGlobals) = postSolution
		SolutionGuid = {A3A5C804-9E65-47B1-86BD-AE055A0F5969}
	EndGlobalSection
EndGlobal
