<?xml version="1.0" encoding="utf-8"?>
<Project ToolsVersion="4.0" xmlns="http://schemas.microsoft.com/developer/msbuild/2003">
  <ItemGroup>
    <Filter Include="Исходные файлы">
      <UniqueIdentifier>{4FC737F1-C7A5-4376-A066-2A32D752A2FF}</UniqueIdentifier>
      <Extensions>cpp;c;cc;cxx;c++;cppm;ixx;def;odl;idl;hpj;bat;asm;asmx</Extensions>
    </Filter>
    <Filter Include="Файлы заголовков">
      <UniqueIdentifier>{93995380-89BD-4b04-88EB-625FBE52EBFB}</UniqueIdentifier>
      <Extensions>h;hh;hpp;hxx;h++;hm;inl;inc;ipp;xsd</Extensions>
    </Filter>
    <Filter Include="Файлы ресурсов">
      <UniqueIdentifier>{67DA6AB6-F800-4c08-8B7A-83BB121AAD01}</UniqueIdentifier>
      <Extensions>rc;ico;cur;bmp;dlg;rc2;rct;bin;rgs;gif;jpg;jpeg;jpe;resx;tiff;tif;png;wav;mfcribbon-ms</Extensions>
    </Filter>
    <Filter Include="Исходные файлы\src">
      <UniqueIdentifier>{4eb06eb5-e844-4dab-8900-f81a6803341c}</UniqueIdentifier>
    </Filter>
    <Filter Include="Исходные файлы\lib">
      <UniqueIdentifier>{e973e6be-618b-482c-afcc-8231a1c5634d}</UniqueIdentifier>
    </Filter>
    <Filter Include="Исходные файлы\include">
      <UniqueIdentifier>{46da3799-cffe-453c-bfc5-ed0c16ee565b}</UniqueIdentifier>
    </Filter>
  </ItemGroup>
  <ItemGroup>
    <ClCompile Include="src\glad.c">
      <Filter>Исходные файлы</Filter>
    </ClCompile>
    <ClCompile Include="src\stb_image.cpp">
      <Filter>Исходные файлы</Filter>
    </ClCompile>
    <ClCompile Include="src\core\Globals.cpp">
      <Filter>Исходные файлы</Filter>
    </ClCompile>
    <ClCompile Include="src\render\Scene\Scene.cpp">
      <Filter>Исходные файлы</Filter>
    </ClCompile>
    <ClCompile Include="src\core\Input.cpp">
      <Filter>Исходные файлы</Filter>
    </ClCompile>
    <ClCompile Include="src\core\WindowCallbacks.cpp">
      <Filter>Исходные файлы</Filter>
    </ClCompile>
    <ClCompile Include="src\utils\TextureLoader.cpp">
      <Filter>Исходные файлы</Filter>
    </ClCompile>
    <ClCompile Include="src\core\OGL.h">
      <Filter>Исходные файлы</Filter>
    </ClCompile>
    <ClCompile Include="src\render\mesh\mesh.cpp">
      <Filter>Исходные файлы</Filter>
    </ClCompile>
    <ClCompile Include="src\utils\model.cpp">
      <Filter>Исходные файлы</Filter>
    </ClCompile>
    <ClCompile Include="src\render\mesh\primitives.cpp">
      <Filter>Исходные файлы</Filter>
    </ClCompile>
    <ClCompile Include="src\render\skybox\skybox.cpp">
      <Filter>Исходные файлы</Filter>
    </ClCompile>
    <ClCompile Include="src\render\mesh\transform.cpp">
      <Filter>Исходные файлы</Filter>
    </ClCompile>
    <ClCompile Include="src\render\Frustum.cpp">
      <Filter>Исходные файлы</Filter>
    </ClCompile>
    <ClCompile Include="src\render\objects\Object.cpp">
      <Filter>Исходные файлы</Filter>
    </ClCompile>
    <ClCompile Include="src\render\Light\ShadowMap.cpp">
      <Filter>Исходные файлы</Filter>
    </ClCompile>
    <ClCompile Include="src\render\Light\CubeShadowMap.cpp">
      <Filter>Исходные файлы</Filter>
    </ClCompile>
    <ClCompile Include="src\render\Collision\CollisionSystem.cpp">
      <Filter>Исходные файлы</Filter>
    </ClCompile>
    <ClCompile Include="src\camera\FirstPersonCamera.cpp">
      <Filter>Исходные файлы</Filter>
    </ClCompile>
    <ClCompile Include="src\camera\Player.cpp">
      <Filter>Исходные файлы</Filter>
    </ClCompile>
    <ClCompile Include="src\camera\CameraSettings.cpp">
      <Filter>Исходные файлы</Filter>
    </ClCompile>
    <ClCompile Include="src\render\Collision\BoxCollider.cpp">
      <Filter>Исходные файлы</Filter>
    </ClCompile>
    <ClCompile Include="src\render\Collision\SphereCollider.cpp">
      <Filter>Исходные файлы</Filter>
    </ClCompile>
    <ClCompile Include="src\render\Collision\CapsuleCollider.cpp">
      <Filter>Исходные файлы</Filter>
    </ClCompile>
    <ClCompile Include="src\render\Collision\RigidBody.cpp">
      <Filter>Исходные файлы</Filter>
    </ClCompile>
    <ClCompile Include="src\render\Collision\PhysicsSystem.cpp">
      <Filter>Исходные файлы</Filter>
    </ClCompile>
    <ClCompile Include="src\render\Collision\Collider.cpp">
      <Filter>Исходные файлы</Filter>
    </ClCompile>
    <ClCompile Include="src\Lindo.cpp">
      <Filter>Исходные файлы</Filter>
    </ClCompile>
    <ClCompile Include="src\antires\CryptoUtils.cpp">
      <Filter>Исходные файлы</Filter>
    </ClCompile>
    <ClCompile Include="src\shader\shader_s.cpp">
      <Filter>Исходные файлы</Filter>
    </ClCompile>
    <ClCompile Include="src\render\UI\UIRenderer.cpp">
      <Filter>Исходные файлы</Filter>
    </ClCompile>
    <ClCompile Include="src\render\UI\UIFont.cpp">
      <Filter>Исходные файлы</Filter>
    </ClCompile>
    <ClCompile Include="src\render\UI\UIWidget.cpp">
      <Filter>Исходные файлы</Filter>
    </ClCompile>
    <ClCompile Include="src\debug\DebugOverlay.cpp">
      <Filter>Исходные файлы</Filter>
    </ClCompile>
  </ItemGroup>
  <ItemGroup>
    <ClInclude Include="src\shader\shader_s.h">
      <Filter>Файлы заголовков</Filter>
    </ClInclude>
    <ClInclude Include="src\camera\FirstPersonCamera.h">
      <Filter>Файлы заголовков</Filter>
    </ClInclude>
    <ClInclude Include="src\stb_image.h">
      <Filter>Файлы заголовков</Filter>
    </ClInclude>
    <ClInclude Include="src\core\Globals.h">
      <Filter>Файлы заголовков</Filter>
    </ClInclude>
    <ClInclude Include="src\render\Scene\Scene.h">
      <Filter>Файлы заголовков</Filter>
    </ClInclude>
    <ClInclude Include="src\core\Input.h">
      <Filter>Файлы заголовков</Filter>
    </ClInclude>
    <ClInclude Include="src\core\WindowCallbacks.h">
      <Filter>Файлы заголовков</Filter>
    </ClInclude>
    <ClInclude Include="src\utils\TextureLoader.h">
      <Filter>Файлы заголовков</Filter>
    </ClInclude>
    <ClInclude Include="src\render\mesh\mesh.h">
      <Filter>Файлы заголовков</Filter>
    </ClInclude>
    <ClInclude Include="src\utils\model.h">
      <Filter>Файлы заголовков</Filter>
    </ClInclude>
    <ClInclude Include="src\render\mesh\primitives.h">
      <Filter>Файлы заголовков</Filter>
    </ClInclude>
    <ClInclude Include="src\render\skybox\skybox.h">
      <Filter>Файлы заголовков</Filter>
    </ClInclude>
    <ClInclude Include="src\render\mesh\transform.h">
      <Filter>Файлы заголовков</Filter>
    </ClInclude>
    <ClInclude Include="src\render\objects\Object.h">
      <Filter>Файлы заголовков</Filter>
    </ClInclude>
    <ClInclude Include="src\render\objects\Light.h">
      <Filter>Файлы заголовков</Filter>
    </ClInclude>
    <ClInclude Include="src\render\Frustum.h">
      <Filter>Файлы заголовков</Filter>
    </ClInclude>
    <ClInclude Include="src\render\objects\Material.h">
      <Filter>Файлы заголовков</Filter>
    </ClInclude>
    <ClInclude Include="src\render\Light\ShadowMap.h">
      <Filter>Файлы заголовков</Filter>
    </ClInclude>
    <ClInclude Include="src\render\Light\CubeShadowMap.h">
      <Filter>Файлы заголовков</Filter>
    </ClInclude>
    <ClInclude Include="src\render\Collision\Collider.h">
      <Filter>Файлы заголовков</Filter>
    </ClInclude>
    <ClInclude Include="src\render\Collision\BoxCollider.h">
      <Filter>Файлы заголовков</Filter>
    </ClInclude>
    <ClInclude Include="src\render\Collision\SphereCollider.h">
      <Filter>Файлы заголовков</Filter>
    </ClInclude>
    <ClInclude Include="src\render\Collision\CollisionSystem.h">
      <Filter>Файлы заголовков</Filter>
    </ClInclude>
    <ClInclude Include="src\render\Collision\ColliderFactory.h">
      <Filter>Файлы заголовков</Filter>
    </ClInclude>
    <ClInclude Include="src\render\Collision\CapsuleCollider.h">
      <Filter>Файлы заголовков</Filter>
    </ClInclude>
    <ClInclude Include="src\camera\Player.h">
      <Filter>Файлы заголовков</Filter>
    </ClInclude>
    <ClInclude Include="src\render\Collision\RigidBody.h">
      <Filter>Файлы заголовков</Filter>
    </ClInclude>
    <ClInclude Include="src\render\Collision\PhysicsSystem.h">
      <Filter>Файлы заголовков</Filter>
    </ClInclude>
    <ClInclude Include="src\antires\CryptoUtils.h">
      <Filter>Файлы заголовков</Filter>
    </ClInclude>
    <ClInclude Include="src\render\UI\UIMath.h">
      <Filter>Файлы заголовков</Filter>
    </ClInclude>
    <ClInclude Include="src\render\UI\UIRenderer.h">
      <Filter>Файлы заголовков</Filter>
    </ClInclude>
    <ClInclude Include="src\render\UI\UIFont.h">
      <Filter>Файлы заголовков</Filter>
    </ClInclude>
    <ClInclude Include="src\render\UI\UIWidget.h">
      <Filter>Файлы заголовков</Filter>
    </ClInclude>
    <ClInclude Include="src\stb_truetype.h">
      <Filter>Файлы заголовков</Filter>
    </ClInclude>
    <ClInclude Include="src\debug\DebugOverlay.h">
      <Filter>Файлы заголовков</Filter>
    </ClInclude>
  </ItemGroup>
  <ItemGroup>
    <None Include="res\shaders\debug_collider.vert" />
    <None Include="res\shaders\debug_collider.frag" />
    <None Include="res\shaders\FragmentShader.fs" />
    <None Include="res\shaders\VertexShader.vs" />
    <None Include="res\shaders\skybox\skybox.vs" />
    <None Include="res\shaders\skybox\skybox.fs" />
    <None Include="res\shaders\equirectangular_to_cubemap.vs" />
    <None Include="res\shaders\equirectangular_to_cubemap.fs" />
    <None Include="res\shaders\irradiance_convolution.fs" />
    <None Include="res\shaders\prefilter.fs" />
    <None Include="res\shaders\Light\shadow_depth.vs" />
    <None Include="res\shaders\Light\shadow_depth.fs" />
    <None Include="res\shaders\Light\point_shadow_depth.vs" />
    <None Include="res\shaders\Light\point_shadow_depth.gs" />
    <None Include="res\shaders\Light\point_shadow_depth.fs" />
    <None Include="res\shaders\PostProcess\postprocess.vert" />
    <None Include="res\shaders\PostProcess\postprocess.frag" />
    <None Include="include\imgui\backends\imgui_impl_metal.mm" />
    <None Include="include\imgui\backends\imgui_impl_osx.mm" />
    <None Include="include\imgui\backends\vulkan\generate_spv.sh" />
    <None Include="include\imgui\backends\vulkan\glsl_shader.frag" />
    <None Include="include\imgui\backends\vulkan\glsl_shader.vert" />
    <None Include="include\imgui\backends\sdlgpu3\shader.frag" />
    <None Include="include\imgui\backends\sdlgpu3\shader.vert" />
  </ItemGroup>
  <ItemGroup>
    <Text Include="src\render\objects\CMakeLists.txt" />
    <Text Include="include\imgui\backends\vulkan\build_instructions.txt" />
    <Text Include="include\imgui\backends\sdlgpu3\build_instructions.txt" />
  </ItemGroup>
</Project>